
Microsoft Visual Studio Solution File, Format Version 12.00
# Visual Studio Version 17
VisualStudioVersion = 17.13.35806.99 d17.13
MinimumVisualStudioVersion = 10.0.40219.1
Project("{FAE04EC0-301F-11D3-BF4B-00C04F79EFBC}") = "MicroServices.Auth.API", "MicroServices.Auth.API\MicroServices.Auth.API.csproj", "{07F7A0D6-47B0-445B-A793-FBCA2C77D7F0}"
EndProject
Global
	GlobalSection(SolutionConfigurationPlatforms) = preSolution
		Debug|Any CPU = Debug|Any CPU
		Release|Any CPU = Release|Any CPU
	EndGlobalSection
	GlobalSection(ProjectConfigurationPlatforms) = postSolution
		{07F7A0D6-47B0-445B-A793-FBCA2C77D7F0}.Debug|Any CPU.ActiveCfg = Debug|Any CPU
		{07F7A0D6-47B0-445B-A793-FBCA2C77D7F0}.Debug|Any CPU.Build.0 = Debug|Any CPU
		{07F7A0D6-47B0-445B-A793-FBCA2C77D7F0}.Release|Any CPU.ActiveCfg = Release|Any CPU
		{07F7A0D6-47B0-445B-A793-FBCA2C77D7F0}.Release|Any CPU.Build.0 = Release|Any CPU
	EndGlobalSection
	GlobalSection(SolutionProperties) = preSolution
		HideSolutionNode = FALSE
	EndGlobalSection
	GlobalSection(ExtensibilityGlobals) = postSolution
		SolutionGuid = {356E5FD8-97FA-4104-A26D-C4667CB85026}
	EndGlobalSection
EndGlobal
